
Microsoft Visual Studio Solution File, Format Version 12.00
# Visual Studio Version 17
VisualStudioVersion = 17.8.34330.188
MinimumVisualStudioVersion = 10.0.40219.1
Project("{FAE04EC0-301F-11D3-BF4B-00C04F79EFBC}") = "DatalagringUppgift", "DatalagringUppgift\DatalagringUppgift.csproj", "{D45566CB-4817-4032-A89F-9AAFD7EA4069}"
EndProject
Global
	GlobalSection(SolutionConfigurationPlatforms) = preSolution
		Debug|Any CPU = Debug|Any CPU
		Release|Any CPU = Release|Any CPU
	EndGlobalSection
	GlobalSection(ProjectConfigurationPlatforms) = postSolution
		{D45566CB-4817-4032-A89F-9AAFD7EA4069}.Debug|Any CPU.ActiveCfg = Debug|Any CPU
		{D45566CB-4817-4032-A89F-9AAFD7EA4069}.Debug|Any CPU.Build.0 = Debug|Any CPU
		{D45566CB-4817-4032-A89F-9AAFD7EA4069}.Release|Any CPU.ActiveCfg = Release|Any CPU
		{D45566CB-4817-4032-A89F-9AAFD7EA4069}.Release|Any CPU.Build.0 = Release|Any CPU
	EndGlobalSection
	GlobalSection(SolutionProperties) = preSolution
		HideSolutionNode = FALSE
	EndGlobalSection
	GlobalSection(ExtensibilityGlobals) = postSolution
		SolutionGuid = {5EA976C4-E0B8-4B51-B0E8-60358E73C6B7}
	EndGlobalSection
EndGlobal
